
Microsoft Visual Studio Solution File, Format Version 12.00
# Visual Studio Version 17
VisualStudioVersion = 17.4.32804.182
MinimumVisualStudioVersion = 10.0.40219.1
Project("{9A19103F-16F7-4668-BE54-9A1E7A4F7556}") = "handlerlaunch", "handlerlaunch\handlerlaunch.csproj", "{6D7D239E-33BB-4509-AC21-1DC7C36D403F}"
EndProject
Project("{9A19103F-16F7-4668-BE54-9A1E7A4F7556}") = "LaunchApp", "LaunchApp\LaunchApp.csproj", "{F7BE0ADB-A1AE-456C-BBCF-E1ADCF32E874}"
EndProject
Project("{9A19103F-16F7-4668-BE54-9A1E7A4F7556}") = "SpinningWheelLib", "SpinningWheelLib\SpinningWheelLib.csproj", "{1629F3CE-F4A2-42EC-ABF2-C9200EB1BD38}"
EndProject
Project("{FAE04EC0-301F-11D3-BF4B-00C04F79EFBC}") = "LibDalamud", "LibDalamud\LibDalamud.csproj", "{AAF16FA6-780A-4087-9188-EB7331DCAA3C}"
EndProject
Project("{FAE04EC0-301F-11D3-BF4B-00C04F79EFBC}") = "CoreLibLaunchSupport", "CoreLibLaunchSupport\CoreLibLaunchSupport.csproj", "{6D1A56B6-AE08-4AB8-A3C6-71B2CFCA0928}"
EndProject
Project("{FAE04EC0-301F-11D3-BF4B-00C04F79EFBC}") = "El'GarnanPluginSystem", "El'GarnanPluginSystem\El'GarnanPluginSystem.csproj", "{34AF2C77-0020-4314-AA80-BEA117ADF40A}"
EndProject
Project("{FAE04EC0-301F-11D3-BF4B-00C04F79EFBC}") = "Gameplugins.Plugin.FFXIV", "Gameplugins.Plugin.FFXIV\Gameplugins.Plugin.FFXIV.csproj", "{82B61F90-D1E9-4B31-B829-B95F07B2FDF7}"
EndProject
Project("{FAE04EC0-301F-11D3-BF4B-00C04F79EFBC}") = "WebLaunch.Core", "WebLaunch.Core\WebLaunch.Core.csproj", "{0FEC219B-C559-4ED9-AE2B-CF2D3CF73AB3}"
EndProject
Project("{FAE04EC0-301F-11D3-BF4B-00C04F79EFBC}") = "WebLaunch.Bridge", "WebLaunch.Bridge\WebLaunch.Bridge.csproj", "{CF3C0F93-A93B-4A6E-8EAC-F0FA5C91F721}"
EndProject
Project("{FAE04EC0-301F-11D3-BF4B-00C04F79EFBC}") = "Gameplugins.Plugin.Spellborn", "Gameplugins.Plugin.Spellborn\Gameplugins.Plugin.Spellborn.csproj", "{CAAA16E4-18BD-4AD7-BDB0-AEF102A903ED}"
EndProject
Project("{FAE04EC0-301F-11D3-BF4B-00C04F79EFBC}") = "LibLaunchSupport", "LibLaunchSupport\LibLaunchSupport.csproj", "{C21642B5-3ACD-4382-936F-EBEFAFF06679}"
EndProject
Project("{FAE04EC0-301F-11D3-BF4B-00C04F79EFBC}") = "WebLaunch.Tests", "WebLaunch.Tests\WebLaunch.Tests.csproj", "{8B56A135-4B84-4FB1-8B46-FCE67FEB1DE0}"
EndProject
Project("{FAE04EC0-301F-11D3-BF4B-00C04F79EFBC}") = "WebLaunch.TestPlugin", "WebLaunch.TestPlugin\WebLaunch.TestPlugin.csproj", "{FC4534CA-ADDF-4725-83C7-2A2705A3BC76}"
EndProject
Project("{FAE04EC0-301F-11D3-BF4B-00C04F79EFBC}") = "WebLaunch.SmokeHost", "WebLaunch.SmokeHost\WebLaunch.SmokeHost.csproj", "{2799D411-B02B-492B-95F1-459C2EA5BABA}"
EndProject
Global
	GlobalSection(SolutionConfigurationPlatforms) = preSolution
		Debug|Any CPU = Debug|Any CPU
		Debug|x64 = Debug|x64
		Debug|x86 = Debug|x86
		Release|Any CPU = Release|Any CPU
		Release|x64 = Release|x64
		Release|x86 = Release|x86
	EndGlobalSection
	GlobalSection(ProjectConfigurationPlatforms) = postSolution
		{6D7D239E-33BB-4509-AC21-1DC7C36D403F}.Debug|Any CPU.ActiveCfg = Debug|Any CPU
		{6D7D239E-33BB-4509-AC21-1DC7C36D403F}.Debug|Any CPU.Build.0 = Debug|Any CPU
		{6D7D239E-33BB-4509-AC21-1DC7C36D403F}.Debug|x64.ActiveCfg = Debug|Any CPU
		{6D7D239E-33BB-4509-AC21-1DC7C36D403F}.Debug|x64.Build.0 = Debug|Any CPU
		{6D7D239E-33BB-4509-AC21-1DC7C36D403F}.Debug|x86.ActiveCfg = Debug|Any CPU
		{6D7D239E-33BB-4509-AC21-1DC7C36D403F}.Debug|x86.Build.0 = Debug|Any CPU
		{6D7D239E-33BB-4509-AC21-1DC7C36D403F}.Release|Any CPU.ActiveCfg = Release|Any CPU
		{6D7D239E-33BB-4509-AC21-1DC7C36D403F}.Release|Any CPU.Build.0 = Release|Any CPU
		{6D7D239E-33BB-4509-AC21-1DC7C36D403F}.Release|x64.ActiveCfg = Release|Any CPU
		{6D7D239E-33BB-4509-AC21-1DC7C36D403F}.Release|x64.Build.0 = Release|Any CPU
		{6D7D239E-33BB-4509-AC21-1DC7C36D403F}.Release|x86.ActiveCfg = Release|Any CPU
		{6D7D239E-33BB-4509-AC21-1DC7C36D403F}.Release|x86.Build.0 = Release|Any CPU
		{F7BE0ADB-A1AE-456C-BBCF-E1ADCF32E874}.Debug|Any CPU.ActiveCfg = Debug|Any CPU
		{F7BE0ADB-A1AE-456C-BBCF-E1ADCF32E874}.Debug|Any CPU.Build.0 = Debug|Any CPU
		{F7BE0ADB-A1AE-456C-BBCF-E1ADCF32E874}.Debug|x64.ActiveCfg = Debug|Any CPU
		{F7BE0ADB-A1AE-456C-BBCF-E1ADCF32E874}.Debug|x64.Build.0 = Debug|Any CPU
		{F7BE0ADB-A1AE-456C-BBCF-E1ADCF32E874}.Debug|x86.ActiveCfg = Debug|Any CPU
		{F7BE0ADB-A1AE-456C-BBCF-E1ADCF32E874}.Debug|x86.Build.0 = Debug|Any CPU
		{F7BE0ADB-A1AE-456C-BBCF-E1ADCF32E874}.Release|Any CPU.ActiveCfg = Release|Any CPU
		{F7BE0ADB-A1AE-456C-BBCF-E1ADCF32E874}.Release|Any CPU.Build.0 = Release|Any CPU
		{F7BE0ADB-A1AE-456C-BBCF-E1ADCF32E874}.Release|x64.ActiveCfg = Release|Any CPU
		{F7BE0ADB-A1AE-456C-BBCF-E1ADCF32E874}.Release|x64.Build.0 = Release|Any CPU
		{F7BE0ADB-A1AE-456C-BBCF-E1ADCF32E874}.Release|x86.ActiveCfg = Release|Any CPU
		{F7BE0ADB-A1AE-456C-BBCF-E1ADCF32E874}.Release|x86.Build.0 = Release|Any CPU
		{1629F3CE-F4A2-42EC-ABF2-C9200EB1BD38}.Debug|Any CPU.ActiveCfg = Debug|Any CPU
		{1629F3CE-F4A2-42EC-ABF2-C9200EB1BD38}.Debug|Any CPU.Build.0 = Debug|Any CPU
		{1629F3CE-F4A2-42EC-ABF2-C9200EB1BD38}.Debug|x64.ActiveCfg = Debug|Any CPU
		{1629F3CE-F4A2-42EC-ABF2-C9200EB1BD38}.Debug|x64.Build.0 = Debug|Any CPU
		{1629F3CE-F4A2-42EC-ABF2-C9200EB1BD38}.Debug|x86.ActiveCfg = Debug|Any CPU
		{1629F3CE-F4A2-42EC-ABF2-C9200EB1BD38}.Debug|x86.Build.0 = Debug|Any CPU
		{1629F3CE-F4A2-42EC-ABF2-C9200EB1BD38}.Release|Any CPU.ActiveCfg = Release|Any CPU
		{1629F3CE-F4A2-42EC-ABF2-C9200EB1BD38}.Release|Any CPU.Build.0 = Release|Any CPU
		{1629F3CE-F4A2-42EC-ABF2-C9200EB1BD38}.Release|x64.ActiveCfg = Release|Any CPU
		{1629F3CE-F4A2-42EC-ABF2-C9200EB1BD38}.Release|x64.Build.0 = Release|Any CPU
		{1629F3CE-F4A2-42EC-ABF2-C9200EB1BD38}.Release|x86.ActiveCfg = Release|Any CPU
		{1629F3CE-F4A2-42EC-ABF2-C9200EB1BD38}.Release|x86.Build.0 = Release|Any CPU
		{AAF16FA6-780A-4087-9188-EB7331DCAA3C}.Debug|Any CPU.ActiveCfg = Debug|Any CPU
		{AAF16FA6-780A-4087-9188-EB7331DCAA3C}.Debug|Any CPU.Build.0 = Debug|Any CPU
		{AAF16FA6-780A-4087-9188-EB7331DCAA3C}.Debug|x64.ActiveCfg = Debug|Any CPU
		{AAF16FA6-780A-4087-9188-EB7331DCAA3C}.Debug|x64.Build.0 = Debug|Any CPU
		{AAF16FA6-780A-4087-9188-EB7331DCAA3C}.Debug|x86.ActiveCfg = Debug|Any CPU
		{AAF16FA6-780A-4087-9188-EB7331DCAA3C}.Debug|x86.Build.0 = Debug|Any CPU
		{AAF16FA6-780A-4087-9188-EB7331DCAA3C}.Release|Any CPU.ActiveCfg = Release|Any CPU
		{AAF16FA6-780A-4087-9188-EB7331DCAA3C}.Release|Any CPU.Build.0 = Release|Any CPU
		{AAF16FA6-780A-4087-9188-EB7331DCAA3C}.Release|x64.ActiveCfg = Release|Any CPU
		{AAF16FA6-780A-4087-9188-EB7331DCAA3C}.Release|x64.Build.0 = Release|Any CPU
		{AAF16FA6-780A-4087-9188-EB7331DCAA3C}.Release|x86.ActiveCfg = Release|Any CPU
		{AAF16FA6-780A-4087-9188-EB7331DCAA3C}.Release|x86.Build.0 = Release|Any CPU
		{6D1A56B6-AE08-4AB8-A3C6-71B2CFCA0928}.Debug|Any CPU.ActiveCfg = Debug|Any CPU
		{6D1A56B6-AE08-4AB8-A3C6-71B2CFCA0928}.Debug|Any CPU.Build.0 = Debug|Any CPU
		{6D1A56B6-AE08-4AB8-A3C6-71B2CFCA0928}.Debug|x64.ActiveCfg = Debug|Any CPU
		{6D1A56B6-AE08-4AB8-A3C6-71B2CFCA0928}.Debug|x64.Build.0 = Debug|Any CPU
		{6D1A56B6-AE08-4AB8-A3C6-71B2CFCA0928}.Debug|x86.ActiveCfg = Debug|Any CPU
		{6D1A56B6-AE08-4AB8-A3C6-71B2CFCA0928}.Debug|x86.Build.0 = Debug|Any CPU
		{6D1A56B6-AE08-4AB8-A3C6-71B2CFCA0928}.Release|Any CPU.ActiveCfg = Release|Any CPU
		{6D1A56B6-AE08-4AB8-A3C6-71B2CFCA0928}.Release|Any CPU.Build.0 = Release|Any CPU
		{6D1A56B6-AE08-4AB8-A3C6-71B2CFCA0928}.Release|x64.ActiveCfg = Release|Any CPU
		{6D1A56B6-AE08-4AB8-A3C6-71B2CFCA0928}.Release|x64.Build.0 = Release|Any CPU
		{6D1A56B6-AE08-4AB8-A3C6-71B2CFCA0928}.Release|x86.ActiveCfg = Release|Any CPU
		{6D1A56B6-AE08-4AB8-A3C6-71B2CFCA0928}.Release|x86.Build.0 = Release|Any CPU
		{34AF2C77-0020-4314-AA80-BEA117ADF40A}.Debug|Any CPU.ActiveCfg = Debug|Any CPU
		{34AF2C77-0020-4314-AA80-BEA117ADF40A}.Debug|Any CPU.Build.0 = Debug|Any CPU
		{34AF2C77-0020-4314-AA80-BEA117ADF40A}.Debug|x64.ActiveCfg = Debug|Any CPU
		{34AF2C77-0020-4314-AA80-BEA117ADF40A}.Debug|x64.Build.0 = Debug|Any CPU
		{34AF2C77-0020-4314-AA80-BEA117ADF40A}.Debug|x86.ActiveCfg = Debug|Any CPU
		{34AF2C77-0020-4314-AA80-BEA117ADF40A}.Debug|x86.Build.0 = Debug|Any CPU
		{34AF2C77-0020-4314-AA80-BEA117ADF40A}.Release|Any CPU.ActiveCfg = Release|Any CPU
		{34AF2C77-0020-4314-AA80-BEA117ADF40A}.Release|Any CPU.Build.0 = Release|Any CPU
		{34AF2C77-0020-4314-AA80-BEA117ADF40A}.Release|x64.ActiveCfg = Release|Any CPU
		{34AF2C77-0020-4314-AA80-BEA117ADF40A}.Release|x64.Build.0 = Release|Any CPU
		{34AF2C77-0020-4314-AA80-BEA117ADF40A}.Release|x86.ActiveCfg = Release|Any CPU
		{34AF2C77-0020-4314-AA80-BEA117ADF40A}.Release|x86.Build.0 = Release|Any CPU
		{82B61F90-D1E9-4B31-B829-B95F07B2FDF7}.Debug|Any CPU.ActiveCfg = Debug|Any CPU
		{82B61F90-D1E9-4B31-B829-B95F07B2FDF7}.Debug|Any CPU.Build.0 = Debug|Any CPU
		{82B61F90-D1E9-4B31-B829-B95F07B2FDF7}.Debug|x64.ActiveCfg = Debug|Any CPU
		{82B61F90-D1E9-4B31-B829-B95F07B2FDF7}.Debug|x64.Build.0 = Debug|Any CPU
		{82B61F90-D1E9-4B31-B829-B95F07B2FDF7}.Debug|x86.ActiveCfg = Debug|Any CPU
		{82B61F90-D1E9-4B31-B829-B95F07B2FDF7}.Debug|x86.Build.0 = Debug|Any CPU
		{82B61F90-D1E9-4B31-B829-B95F07B2FDF7}.Release|Any CPU.ActiveCfg = Release|Any CPU
		{82B61F90-D1E9-4B31-B829-B95F07B2FDF7}.Release|Any CPU.Build.0 = Release|Any CPU
		{82B61F90-D1E9-4B31-B829-B95F07B2FDF7}.Release|x64.ActiveCfg = Release|Any CPU
		{82B61F90-D1E9-4B31-B829-B95F07B2FDF7}.Release|x64.Build.0 = Release|Any CPU
		{82B61F90-D1E9-4B31-B829-B95F07B2FDF7}.Release|x86.ActiveCfg = Release|Any CPU
		{82B61F90-D1E9-4B31-B829-B95F07B2FDF7}.Release|x86.Build.0 = Release|Any CPU
		{0FEC219B-C559-4ED9-AE2B-CF2D3CF73AB3}.Debug|Any CPU.ActiveCfg = Debug|Any CPU
		{0FEC219B-C559-4ED9-AE2B-CF2D3CF73AB3}.Debug|Any CPU.Build.0 = Debug|Any CPU
		{0FEC219B-C559-4ED9-AE2B-CF2D3CF73AB3}.Debug|x64.ActiveCfg = Debug|Any CPU
		{0FEC219B-C559-4ED9-AE2B-CF2D3CF73AB3}.Debug|x64.Build.0 = Debug|Any CPU
		{0FEC219B-C559-4ED9-AE2B-CF2D3CF73AB3}.Debug|x86.ActiveCfg = Debug|Any CPU
		{0FEC219B-C559-4ED9-AE2B-CF2D3CF73AB3}.Debug|x86.Build.0 = Debug|Any CPU
		{0FEC219B-C559-4ED9-AE2B-CF2D3CF73AB3}.Release|Any CPU.ActiveCfg = Release|Any CPU
		{0FEC219B-C559-4ED9-AE2B-CF2D3CF73AB3}.Release|Any CPU.Build.0 = Release|Any CPU
		{0FEC219B-C559-4ED9-AE2B-CF2D3CF73AB3}.Release|x64.ActiveCfg = Release|Any CPU
		{0FEC219B-C559-4ED9-AE2B-CF2D3CF73AB3}.Release|x64.Build.0 = Release|Any CPU
		{0FEC219B-C559-4ED9-AE2B-CF2D3CF73AB3}.Release|x86.ActiveCfg = Release|Any CPU
		{0FEC219B-C559-4ED9-AE2B-CF2D3CF73AB3}.Release|x86.Build.0 = Release|Any CPU
		{CF3C0F93-A93B-4A6E-8EAC-F0FA5C91F721}.Debug|Any CPU.ActiveCfg = Debug|Any CPU
		{CF3C0F93-A93B-4A6E-8EAC-F0FA5C91F721}.Debug|Any CPU.Build.0 = Debug|Any CPU
		{CF3C0F93-A93B-4A6E-8EAC-F0FA5C91F721}.Debug|x64.ActiveCfg = Debug|Any CPU
		{CF3C0F93-A93B-4A6E-8EAC-F0FA5C91F721}.Debug|x64.Build.0 = Debug|Any CPU
		{CF3C0F93-A93B-4A6E-8EAC-F0FA5C91F721}.Debug|x86.ActiveCfg = Debug|Any CPU
		{CF3C0F93-A93B-4A6E-8EAC-F0FA5C91F721}.Debug|x86.Build.0 = Debug|Any CPU
		{CF3C0F93-A93B-4A6E-8EAC-F0FA5C91F721}.Release|Any CPU.ActiveCfg = Release|Any CPU
		{CF3C0F93-A93B-4A6E-8EAC-F0FA5C91F721}.Release|Any CPU.Build.0 = Release|Any CPU
		{CF3C0F93-A93B-4A6E-8EAC-F0FA5C91F721}.Release|x64.ActiveCfg = Release|Any CPU
		{CF3C0F93-A93B-4A6E-8EAC-F0FA5C91F721}.Release|x64.Build.0 = Release|Any CPU
		{CF3C0F93-A93B-4A6E-8EAC-F0FA5C91F721}.Release|x86.ActiveCfg = Release|Any CPU
		{CF3C0F93-A93B-4A6E-8EAC-F0FA5C91F721}.Release|x86.Build.0 = Release|Any CPU
		{CAAA16E4-18BD-4AD7-BDB0-AEF102A903ED}.Debug|Any CPU.ActiveCfg = Debug|Any CPU
		{CAAA16E4-18BD-4AD7-BDB0-AEF102A903ED}.Debug|Any CPU.Build.0 = Debug|Any CPU
		{CAAA16E4-18BD-4AD7-BDB0-AEF102A903ED}.Debug|x64.ActiveCfg = Debug|Any CPU
		{CAAA16E4-18BD-4AD7-BDB0-AEF102A903ED}.Debug|x64.Build.0 = Debug|Any CPU
		{CAAA16E4-18BD-4AD7-BDB0-AEF102A903ED}.Debug|x86.ActiveCfg = Debug|Any CPU
		{CAAA16E4-18BD-4AD7-BDB0-AEF102A903ED}.Debug|x86.Build.0 = Debug|Any CPU
		{CAAA16E4-18BD-4AD7-BDB0-AEF102A903ED}.Release|Any CPU.ActiveCfg = Release|Any CPU
		{CAAA16E4-18BD-4AD7-BDB0-AEF102A903ED}.Release|Any CPU.Build.0 = Release|Any CPU
		{CAAA16E4-18BD-4AD7-BDB0-AEF102A903ED}.Release|x64.ActiveCfg = Release|Any CPU
		{CAAA16E4-18BD-4AD7-BDB0-AEF102A903ED}.Release|x64.Build.0 = Release|Any CPU
		{CAAA16E4-18BD-4AD7-BDB0-AEF102A903ED}.Release|x86.ActiveCfg = Release|Any CPU
		{CAAA16E4-18BD-4AD7-BDB0-AEF102A903ED}.Release|x86.Build.0 = Release|Any CPU
		{C21642B5-3ACD-4382-936F-EBEFAFF06679}.Debug|Any CPU.ActiveCfg = Debug|Any CPU
		{C21642B5-3ACD-4382-936F-EBEFAFF06679}.Debug|Any CPU.Build.0 = Debug|Any CPU
		{C21642B5-3ACD-4382-936F-EBEFAFF06679}.Debug|x64.ActiveCfg = Debug|Any CPU
		{C21642B5-3ACD-4382-936F-EBEFAFF06679}.Debug|x64.Build.0 = Debug|Any CPU
		{C21642B5-3ACD-4382-936F-EBEFAFF06679}.Debug|x86.ActiveCfg = Debug|Any CPU
		{C21642B5-3ACD-4382-936F-EBEFAFF06679}.Debug|x86.Build.0 = Debug|Any CPU
		{C21642B5-3ACD-4382-936F-EBEFAFF06679}.Release|Any CPU.ActiveCfg = Release|Any CPU
		{C21642B5-3ACD-4382-936F-EBEFAFF06679}.Release|Any CPU.Build.0 = Release|Any CPU
		{C21642B5-3ACD-4382-936F-EBEFAFF06679}.Release|x64.ActiveCfg = Release|Any CPU
		{C21642B5-3ACD-4382-936F-EBEFAFF06679}.Release|x64.Build.0 = Release|Any CPU
		{C21642B5-3ACD-4382-936F-EBEFAFF06679}.Release|x86.ActiveCfg = Release|Any CPU
		{C21642B5-3ACD-4382-936F-EBEFAFF06679}.Release|x86.Build.0 = Release|Any CPU
		{8B56A135-4B84-4FB1-8B46-FCE67FEB1DE0}.Debug|Any CPU.ActiveCfg = Debug|Any CPU
		{8B56A135-4B84-4FB1-8B46-FCE67FEB1DE0}.Debug|Any CPU.Build.0 = Debug|Any CPU
		{8B56A135-4B84-4FB1-8B46-FCE67FEB1DE0}.Debug|x64.ActiveCfg = Debug|Any CPU
		{8B56A135-4B84-4FB1-8B46-FCE67FEB1DE0}.Debug|x64.Build.0 = Debug|Any CPU
		{8B56A135-4B84-4FB1-8B46-FCE67FEB1DE0}.Debug|x86.ActiveCfg = Debug|Any CPU
		{8B56A135-4B84-4FB1-8B46-FCE67FEB1DE0}.Debug|x86.Build.0 = Debug|Any CPU
		{8B56A135-4B84-4FB1-8B46-FCE67FEB1DE0}.Release|Any CPU.ActiveCfg = Release|Any CPU
		{8B56A135-4B84-4FB1-8B46-FCE67FEB1DE0}.Release|Any CPU.Build.0 = Release|Any CPU
		{8B56A135-4B84-4FB1-8B46-FCE67FEB1DE0}.Release|x64.ActiveCfg = Release|Any CPU
		{8B56A135-4B84-4FB1-8B46-FCE67FEB1DE0}.Release|x64.Build.0 = Release|Any CPU
		{8B56A135-4B84-4FB1-8B46-FCE67FEB1DE0}.Release|x86.ActiveCfg = Release|Any CPU
		{8B56A135-4B84-4FB1-8B46-FCE67FEB1DE0}.Release|x86.Build.0 = Release|Any CPU
		{FC4534CA-ADDF-4725-83C7-2A2705A3BC76}.Debug|Any CPU.ActiveCfg = Debug|Any CPU
		{FC4534CA-ADDF-4725-83C7-2A2705A3BC76}.Debug|Any CPU.Build.0 = Debug|Any CPU
		{FC4534CA-ADDF-4725-83C7-2A2705A3BC76}.Debug|x64.ActiveCfg = Debug|Any CPU
		{FC4534CA-ADDF-4725-83C7-2A2705A3BC76}.Debug|x64.Build.0 = Debug|Any CPU
		{FC4534CA-ADDF-4725-83C7-2A2705A3BC76}.Debug|x86.ActiveCfg = Debug|Any CPU
		{FC4534CA-ADDF-4725-83C7-2A2705A3BC76}.Debug|x86.Build.0 = Debug|Any CPU
		{FC4534CA-ADDF-4725-83C7-2A2705A3BC76}.Release|Any CPU.ActiveCfg = Release|Any CPU
		{FC4534CA-ADDF-4725-83C7-2A2705A3BC76}.Release|Any CPU.Build.0 = Release|Any CPU
		{FC4534CA-ADDF-4725-83C7-2A2705A3BC76}.Release|x64.ActiveCfg = Release|Any CPU
		{FC4534CA-ADDF-4725-83C7-2A2705A3BC76}.Release|x64.Build.0 = Release|Any CPU
		{FC4534CA-ADDF-4725-83C7-2A2705A3BC76}.Release|x86.ActiveCfg = Release|Any CPU
		{FC4534CA-ADDF-4725-83C7-2A2705A3BC76}.Release|x86.Build.0 = Release|Any CPU
		{2799D411-B02B-492B-95F1-459C2EA5BABA}.Debug|Any CPU.ActiveCfg = Debug|Any CPU
		{2799D411-B02B-492B-95F1-459C2EA5BABA}.Debug|Any CPU.Build.0 = Debug|Any CPU
		{2799D411-B02B-492B-95F1-459C2EA5BABA}.Debug|x64.ActiveCfg = Debug|Any CPU
		{2799D411-B02B-492B-95F1-459C2EA5BABA}.Debug|x64.Build.0 = Debug|Any CPU
		{2799D411-B02B-492B-95F1-459C2EA5BABA}.Debug|x86.ActiveCfg = Debug|Any CPU
		{2799D411-B02B-492B-95F1-459C2EA5BABA}.Debug|x86.Build.0 = Debug|Any CPU
		{2799D411-B02B-492B-95F1-459C2EA5BABA}.Release|Any CPU.ActiveCfg = Release|Any CPU
		{2799D411-B02B-492B-95F1-459C2EA5BABA}.Release|Any CPU.Build.0 = Release|Any CPU
		{2799D411-B02B-492B-95F1-459C2EA5BABA}.Release|x64.ActiveCfg = Release|Any CPU
		{2799D411-B02B-492B-95F1-459C2EA5BABA}.Release|x64.Build.0 = Release|Any CPU
		{2799D411-B02B-492B-95F1-459C2EA5BABA}.Release|x86.ActiveCfg = Release|Any CPU
		{2799D411-B02B-492B-95F1-459C2EA5BABA}.Release|x86.Build.0 = Release|Any CPU
	EndGlobalSection
	GlobalSection(SolutionProperties) = preSolution
		HideSolutionNode = FALSE
	EndGlobalSection
	GlobalSection(ExtensibilityGlobals) = postSolution
		SolutionGuid = {DCEF5C7B-D988-4D3D-ADEC-3C4E0C95E0B1}
	EndGlobalSection
EndGlobal
